{
  "name": "base64",
  "version": "1.0.0",
  "lockfileVersion": 2,
  "requires": true,
  "packages": {
    "": {
      "name": "base64",
      "version": "1.0.0",
      "license": "ISC",
      "bin": {
        "base64": "index.js"
      },
      "devDependencies": {},
      "engines": {
        "node": ">= 18"
      }
    }
  }
}
